// !$*UTF8*$!
{
	archiveVersion = 1;
	classes = {
	};
	objectVersion = 51;
	objects = {

/* Begin PBXBuildFile section */
		63B6D71F25B33F38007BB3A9 /* AppDelegate.m in Sources */ = {isa = PBXBuildFile; fileRef = 63B6D71E25B33F38007BB3A9 /* AppDelegate.m */; };
		63B6D72225B33F38007BB3A9 /* SceneDelegate.m in Sources */ = {isa = PBXBuildFile; fileRef = 63B6D72125B33F38007BB3A9 /* SceneDelegate.m */; };
		63B6D72525B33F38007BB3A9 /* ViewController.m in Sources */ = {isa = PBXBuildFile; fileRef = 63B6D72425B33F38007BB3A9 /* ViewController.m */; };
		63B6D72825B33F38007BB3A9 /* Main.storyboard in Resources */ = {isa = PBXBuildFile; fileRef = 63B6D72625B33F38007BB3A9 /* Main.storyboard */; };
		63B6D72A25B33F3A007BB3A9 /* Assets.xcassets in Resources */ = {isa = PBXBuildFile; fileRef = 63B6D72925B33F3A007BB3A9 /* Assets.xcassets */; };
		63B6D72D25B33F3A007BB3A9 /* LaunchScreen.storyboard in Resources */ = {isa = PBXBuildFile; fileRef = 63B6D72B25B33F3A007BB3A9 /* LaunchScreen.storyboard */; };
		63B6D73025B33F3A007BB3A9 /* main.m in Sources */ = {isa = PBXBuildFile; fileRef = 63B6D72F25B33F3A007BB3A9 /* main.m */; };
		63B6D73B25B33FE1007BB3A9 /* Person.m in Sources */ = {isa = PBXBuildFile; fileRef = 63B6D73A25B33FE1007BB3A9 /* Person.m */; };
		63B6D73F25B34041007BB3A9 /* ScoreInfo.m in Sources */ = {isa = PBXBuildFile; fileRef = 63B6D73E25B34041007BB3A9 /* ScoreInfo.m */; };
		63B6D8A825B3E0C8007BB3A9 /* PLCommand.m in Sources */ = {isa = PBXBuildFile; fileRef = 63B6D8A725B3E0C8007BB3A9 /* PLCommand.m */; };
		63B6D8AC25B3EA80007BB3A9 /* NetWork.m in Sources */ = {isa = PBXBuildFile; fileRef = 63B6D8AB25B3EA80007BB3A9 /* NetWork.m */; };
		C72E9878465208ABE29D51D7 /* libPods-MVVMInOC.a in Frameworks */ = {isa = PBXBuildFile; fileRef = 73377E9FED35EBD0A0CF2000 /* libPods-MVVMInOC.a */; };
/* End PBXBuildFile section */

/* Begin PBXFileReference section */
		63B6D71A25B33F38007BB3A9 /* MVVMInOC.app */ = {isa = PBXFileReference; explicitFileType = wrapper.application; includeInIndex = 0; path = MVVMInOC.app; sourceTree = BUILT_PRODUCTS_DIR; };
		63B6D71D25B33F38007BB3A9 /* AppDelegate.h */ = {isa = PBXFileReference; lastKnownFileType = sourcecode.c.h; path = AppDelegate.h; sourceTree = "<group>"; };
		63B6D71E25B33F38007BB3A9 /* AppDelegate.m */ = {isa = PBXFileReference; lastKnownFileType = sourcecode.c.objc; path = AppDelegate.m; sourceTree = "<group>"; };
		63B6D72025B33F38007BB3A9 /* SceneDelegate.h */ = {isa = PBXFileReference; lastKnownFileType = sourcecode.c.h; path = SceneDelegate.h; sourceTree = "<group>"; };
		63B6D72125B33F38007BB3A9 /* SceneDelegate.m */ = {isa = PBXFileReference; lastKnownFileType = sourcecode.c.objc; path = SceneDelegate.m; sourceTree = "<group>"; };
		63B6D72325B33F38007BB3A9 /* ViewController.h */ = {isa = PBXFileReference; lastKnownFileType = sourcecode.c.h; path = ViewController.h; sourceTree = "<group>"; };
		63B6D72425B33F38007BB3A9 /* ViewController.m */ = {isa = PBXFileReference; lastKnownFileType = sourcecode.c.objc; path = ViewController.m; sourceTree = "<group>"; };
		63B6D72725B33F38007BB3A9 /* Base */ = {isa = PBXFileReference; lastKnownFileType = file.storyboard; name = Base; path = Base.lproj/Main.storyboard; sourceTree = "<group>"; };
		63B6D72925B33F3A007BB3A9 /* Assets.xcassets */ = {isa = PBXFileReference; lastKnownFileType = folder.assetcatalog; path = Assets.xcassets; sourceTree = "<group>"; };
		63B6D72C25B33F3A007BB3A9 /* Base */ = {isa = PBXFileReference; lastKnownFileType = file.storyboard; name = Base; path = Base.lproj/LaunchScreen.storyboard; sourceTree = "<group>"; };
		63B6D72E25B33F3A007BB3A9 /* Info.plist */ = {isa = PBXFileReference; lastKnownFileType = text.plist.xml; path = Info.plist; sourceTree = "<group>"; };
		63B6D72F25B33F3A007BB3A9 /* main.m */ = {isa = PBXFileReference; lastKnownFileType = sourcecode.c.objc; path = main.m; sourceTree = "<group>"; };
		63B6D73925B33FE1007BB3A9 /* Person.h */ = {isa = PBXFileReference; lastKnownFileType = sourcecode.c.h; path = Person.h; sourceTree = "<group>"; };
		63B6D73A25B33FE1007BB3A9 /* Person.m */ = {isa = PBXFileReference; lastKnownFileType = sourcecode.c.objc; path = Person.m; sourceTree = "<group>"; };
		63B6D73D25B34041007BB3A9 /* ScoreInfo.h */ = {isa = PBXFileReference; lastKnownFileType = sourcecode.c.h; path = ScoreInfo.h; sourceTree = "<group>"; };
		63B6D73E25B34041007BB3A9 /* ScoreInfo.m */ = {isa = PBXFileReference; lastKnownFileType = sourcecode.c.objc; path = ScoreInfo.m; sourceTree = "<group>"; };
		63B6D8A625B3E0C8007BB3A9 /* PLCommand.h */ = {isa = PBXFileReference; lastKnownFileType = sourcecode.c.h; path = PLCommand.h; sourceTree = "<group>"; };
		63B6D8A725B3E0C8007BB3A9 /* PLCommand.m */ = {isa = PBXFileReference; lastKnownFileType = sourcecode.c.objc; path = PLCommand.m; sourceTree = "<group>"; };
		63B6D8AA25B3EA80007BB3A9 /* NetWork.h */ = {isa = PBXFileReference; lastKnownFileType = sourcecode.c.h; path = NetWork.h; sourceTree = "<group>"; };
		63B6D8AB25B3EA80007BB3A9 /* NetWork.m */ = {isa = PBXFileReference; lastKnownFileType = sourcecode.c.objc; path = NetWork.m; sourceTree = "<group>"; };
		73377E9FED35EBD0A0CF2000 /* libPods-MVVMInOC.a */ = {isa = PBXFileReference; explicitFileType = archive.ar; includeInIndex = 0; path = "libPods-MVVMInOC.a"; sourceTree = BUILT_PRODUCTS_DIR; };
		7C78974532A19F723B153321 /* Pods-MVVMInOC.debug.xcconfig */ = {isa = PBXFileReference; includeInIndex = 1; lastKnownFileType = text.xcconfig; name = "Pods-MVVMInOC.debug.xcconfig"; path = "Target Support Files/Pods-MVVMInOC/Pods-MVVMInOC.debug.xcconfig"; sourceTree = "<group>"; };
		9EA699313321C36EBE987CA7 /* Pods-MVVMInOC.release.xcconfig */ = {isa = PBXFileReference; includeInIndex = 1; lastKnownFileType = text.xcconfig; name = "Pods-MVVMInOC.release.xcconfig"; path = "Target Support Files/Pods-MVVMInOC/Pods-MVVMInOC.release.xcconfig"; sourceTree = "<group>"; };
/* End PBXFileReference section */

/* Begin PBXFrameworksBuildPhase section */
		63B6D71725B33F38007BB3A9 /* Frameworks */ = {
			isa = PBXFrameworksBuildPhase;
			buildActionMask = 2147483647;
			files = (
				C72E9878465208ABE29D51D7 /* libPods-MVVMInOC.a in Frameworks */,
			);
			runOnlyForDeploymentPostprocessing = 0;
		};
/* End PBXFrameworksBuildPhase section */

/* Begin PBXGroup section */
		0402A93687D170BDAF026143 /* Pods */ = {
			isa = PBXGroup;
			children = (
				7C78974532A19F723B153321 /* Pods-MVVMInOC.debug.xcconfig */,
				9EA699313321C36EBE987CA7 /* Pods-MVVMInOC.release.xcconfig */,
			);
			path = Pods;
			sourceTree = "<group>";
		};
		63B6D71125B33F38007BB3A9 = {
			isa = PBXGroup;
			children = (
				63B6D71C25B33F38007BB3A9 /* MVVMInOC */,
				63B6D71B25B33F38007BB3A9 /* Products */,
				0402A93687D170BDAF026143 /* Pods */,
				FFE7C1A4A1AEAE08473E9C3B /* Frameworks */,
			);
			sourceTree = "<group>";
		};
		63B6D71B25B33F38007BB3A9 /* Products */ = {
			isa = PBXGroup;
			children = (
				63B6D71A25B33F38007BB3A9 /* MVVMInOC.app */,
			);
			name = Products;
			sourceTree = "<group>";
		};
		63B6D71C25B33F38007BB3A9 /* MVVMInOC */ = {
			isa = PBXGroup;
			children = (
				63B6D71D25B33F38007BB3A9 /* AppDelegate.h */,
				63B6D71E25B33F38007BB3A9 /* AppDelegate.m */,
				63B6D8A625B3E0C8007BB3A9 /* PLCommand.h */,
				63B6D8A725B3E0C8007BB3A9 /* PLCommand.m */,
				63B6D8AA25B3EA80007BB3A9 /* NetWork.h */,
				63B6D8AB25B3EA80007BB3A9 /* NetWork.m */,
				63B6D72025B33F38007BB3A9 /* SceneDelegate.h */,
				63B6D72125B33F38007BB3A9 /* SceneDelegate.m */,
				63B6D72325B33F38007BB3A9 /* ViewController.h */,
				63B6D72425B33F38007BB3A9 /* ViewController.m */,
				63B6D73925B33FE1007BB3A9 /* Person.h */,
				63B6D73A25B33FE1007BB3A9 /* Person.m */,
				63B6D73D25B34041007BB3A9 /* ScoreInfo.h */,
				63B6D73E25B34041007BB3A9 /* ScoreInfo.m */,
				63B6D72625B33F38007BB3A9 /* Main.storyboard */,
				63B6D72925B33F3A007BB3A9 /* Assets.xcassets */,
				63B6D72B25B33F3A007BB3A9 /* LaunchScreen.storyboard */,
				63B6D72E25B33F3A007BB3A9 /* Info.plist */,
				63B6D72F25B33F3A007BB3A9 /* main.m */,
			);
			path = MVVMInOC;
			sourceTree = "<group>";
		};
		FFE7C1A4A1AEAE08473E9C3B /* Frameworks */ = {
			isa = PBXGroup;
			children = (
				73377E9FED35EBD0A0CF2000 /* libPods-MVVMInOC.a */,
			);
			name = Frameworks;
			sourceTree = "<group>";
		};
/* End PBXGroup section */

/* Begin PBXNativeTarget section */
		63B6D71925B33F38007BB3A9 /* MVVMInOC */ = {
			isa = PBXNativeTarget;
			buildConfigurationList = 63B6D73325B33F3A007BB3A9 /* Build configuration list for PBXNativeTarget "MVVMInOC" */;
			buildPhases = (
				8C7D09B4456E3F0BFF272542 /* [CP] Check Pods Manifest.lock */,
				63B6D71625B33F38007BB3A9 /* Sources */,
				63B6D71725B33F38007BB3A9 /* Frameworks */,
				63B6D71825B33F38007BB3A9 /* Resources */,
				602AC6E46E4C621E0F20F17E /* [CP] Copy Pods Resources */,
			);
			buildRules = (
			);
			dependencies = (
			);
			name = MVVMInOC;
			productName = MVVMInOC;
			productReference = 63B6D71A25B33F38007BB3A9 /* MVVMInOC.app */;
			productType = "com.apple.product-type.application";
		};
/* End PBXNativeTarget section */

/* Begin PBXProject section */
		63B6D71225B33F38007BB3A9 /* Project object */ = {
			isa = PBXProject;
			attributes = {
				LastUpgradeCheck = 1230;
				TargetAttributes = {
					63B6D71925B33F38007BB3A9 = {
						CreatedOnToolsVersion = 12.3;
					};
				};
			};
			buildConfigurationList = 63B6D71525B33F38007BB3A9 /* Build configuration list for PBXProject "MVVMInOC" */;
			compatibilityVersion = "Xcode 9.3";
			developmentRegion = en;
			hasScannedForEncodings = 0;
			knownRegions = (
				en,
				Base,
			);
			mainGroup = 63B6D71125B33F38007BB3A9;
			productRefGroup = 63B6D71B25B33F38007BB3A9 /* Products */;
			projectDirPath = "";
			projectRoot = "";
			targets = (
				63B6D71925B33F38007BB3A9 /* MVVMInOC */,
			);
		};
/* End PBXProject section */

/* Begin PBXResourcesBuildPhase section */
		63B6D71825B33F38007BB3A9 /* Resources */ = {
			isa = PBXResourcesBuildPhase;
			buildActionMask = 2147483647;
			files = (
				63B6D72D25B33F3A007BB3A9 /* LaunchScreen.storyboard in Resources */,
				63B6D72A25B33F3A007BB3A9 /* Assets.xcassets in Resources */,
				63B6D72825B33F38007BB3A9 /* Main.storyboard in Resources */,
			);
			runOnlyForDeploymentPostprocessing = 0;
		};
/* End PBXResourcesBuildPhase section */

/* Begin PBXShellScriptBuildPhase section */
		602AC6E46E4C621E0F20F17E /* [CP] Copy Pods Resources */ = {
			isa = PBXShellScriptBuildPhase;
			buildActionMask = 2147483647;
			files = (
			);
			inputFileListPaths = (
				"${PODS_ROOT}/Target Support Files/Pods-MVVMInOC/Pods-MVVMInOC-resources-${CONFIGURATION}-input-files.xcfilelist",
			);
			name = "[CP] Copy Pods Resources";
			outputFileListPaths = (
				"${PODS_ROOT}/Target Support Files/Pods-MVVMInOC/Pods-MVVMInOC-resources-${CONFIGURATION}-output-files.xcfilelist",
			);
			runOnlyForDeploymentPostprocessing = 0;
			shellPath = /bin/sh;
			shellScript = "\"${PODS_ROOT}/Target Support Files/Pods-MVVMInOC/Pods-MVVMInOC-resources.sh\"\n";
			showEnvVarsInLog = 0;
		};
		8C7D09B4456E3F0BFF272542 /* [CP] Check Pods Manifest.lock */ = {
			isa = PBXShellScriptBuildPhase;
			buildActionMask = 2147483647;
			files = (
			);
			inputFileListPaths = (
			);
			inputPaths = (
				"${PODS_PODFILE_DIR_PATH}/Podfile.lock",
				"${PODS_ROOT}/Manifest.lock",
			);
			name = "[CP] Check Pods Manifest.lock";
			outputFileListPaths = (
			);
			outputPaths = (
				"$(DERIVED_FILE_DIR)/Pods-MVVMInOC-checkManifestLockResult.txt",
			);
			runOnlyForDeploymentPostprocessing = 0;
			shellPath = /bin/sh;
			shellScript = "diff \"${PODS_PODFILE_DIR_PATH}/Podfile.lock\" \"${PODS_ROOT}/Manifest.lock\" > /dev/null\nif [ $? != 0 ] ; then\n    # print error to STDERR\n    echo \"error: The sandbox is not in sync with the Podfile.lock. Run 'pod install' or update your CocoaPods installation.\" >&2\n    exit 1\nfi\n# This output is used by Xcode 'outputs' to avoid re-running this script phase.\necho \"SUCCESS\" > \"${SCRIPT_OUTPUT_FILE_0}\"\n";
			showEnvVarsInLog = 0;
		};
/* End PBXShellScriptBuildPhase section */

/* Begin PBXSourcesBuildPhase section */
		63B6D71625B33F38007BB3A9 /* Sources */ = {
			isa = PBXSourcesBuildPhase;
			buildActionMask = 2147483647;
			files = (
				63B6D72525B33F38007BB3A9 /* ViewController.m in Sources */,
				63B6D71F25B33F38007BB3A9 /* AppDelegate.m in Sources */,
				63B6D73B25B33FE1007BB3A9 /* Person.m in Sources */,
				63B6D8A825B3E0C8007BB3A9 /* PLCommand.m in Sources */,
				63B6D73025B33F3A007BB3A9 /* main.m in Sources */,
				63B6D73F25B34041007BB3A9 /* ScoreInfo.m in Sources */,
				63B6D8AC25B3EA80007BB3A9 /* NetWork.m in Sources */,
				63B6D72225B33F38007BB3A9 /* SceneDelegate.m in Sources */,
			);
			runOnlyForDeploymentPostprocessing = 0;
		};
/* End PBXSourcesBuildPhase section */

/* Begin PBXVariantGroup section */
		63B6D72625B33F38007BB3A9 /* Main.storyboard */ = {
			isa = PBXVariantGroup;
			children = (
				63B6D72725B33F38007BB3A9 /* Base */,
			);
			name = Main.storyboard;
			sourceTree = "<group>";
		};
		63B6D72B25B33F3A007BB3A9 /* LaunchScreen.storyboard */ = {
			isa = PBXVariantGroup;
			children = (
				63B6D72C25B33F3A007BB3A9 /* Base */,
			);
			name = LaunchScreen.storyboard;
			sourceTree = "<group>";
		};
/* End PBXVariantGroup section */

/* Begin XCBuildConfiguration section */
		63B6D73125B33F3A007BB3A9 /* Debug */ = {
			isa = XCBuildConfiguration;
			buildSettings = {
				ALWAYS_SEARCH_USER_PATHS = NO;
				CLANG_ANALYZER_NONNULL = YES;
				CLANG_ANALYZER_NUMBER_OBJECT_CONVERSION = YES_AGGRESSIVE;
				CLANG_CXX_LANGUAGE_STANDARD = "gnu++14";
				CLANG_CXX_LIBRARY = "libc++";
				CLANG_ENABLE_MODULES = YES;
				CLANG_ENABLE_OBJC_ARC = YES;
				CLANG_ENABLE_OBJC_WEAK = YES;
				CLANG_WARN_BLOCK_CAPTURE_AUTORELEASING = YES;
				CLANG_WARN_BOOL_CONVERSION = YES;
				CLANG_WARN_COMMA = YES;
				CLANG_WARN_CONSTANT_CONVERSION = YES;
				CLANG_WARN_DEPRECATED_OBJC_IMPLEMENTATIONS = YES;
				CLANG_WARN_DIRECT_OBJC_ISA_USAGE = YES_ERROR;
				CLANG_WARN_DOCUMENTATION_COMMENTS = YES;
				CLANG_WARN_EMPTY_BODY = YES;
				CLANG_WARN_ENUM_CONVERSION = YES;
				CLANG_WARN_INFINITE_RECURSION = YES;
				CLANG_WARN_INT_CONVERSION = YES;
				CLANG_WARN_NON_LITERAL_NULL_CONVERSION = YES;
				CLANG_WARN_OBJC_IMPLICIT_RETAIN_SELF = YES;
				CLANG_WARN_OBJC_LITERAL_CONVERSION = YES;
				CLANG_WARN_OBJC_ROOT_CLASS = YES_ERROR;
				CLANG_WARN_QUOTED_INCLUDE_IN_FRAMEWORK_HEADER = YES;
				CLANG_WARN_RANGE_LOOP_ANALYSIS = YES;
				CLANG_WARN_STRICT_PROTOTYPES = YES;
				CLANG_WARN_SUSPICIOUS_MOVE = YES;
				CLANG_WARN_UNGUARDED_AVAILABILITY = YES_AGGRESSIVE;
				CLANG_WARN_UNREACHABLE_CODE = YES;
				CLANG_WARN__DUPLICATE_METHOD_MATCH = YES;
				COPY_PHASE_STRIP = NO;
				DEBUG_INFORMATION_FORMAT = dwarf;
				ENABLE_STRICT_OBJC_MSGSEND = YES;
				ENABLE_TESTABILITY = YES;
				GCC_C_LANGUAGE_STANDARD = gnu11;
				GCC_DYNAMIC_NO_PIC = NO;
				GCC_NO_COMMON_BLOCKS = YES;
				GCC_OPTIMIZATION_LEVEL = 0;
				GCC_PREPROCESSOR_DEFINITIONS = (
					"DEBUG=1",
					"$(inherited)",
				);
				GCC_WARN_64_TO_32_BIT_CONVERSION = YES;
				GCC_WARN_ABOUT_RETURN_TYPE = YES_ERROR;
				GCC_WARN_UNDECLARED_SELECTOR = YES;
				GCC_WARN_UNINITIALIZED_AUTOS = YES_AGGRESSIVE;
				GCC_WARN_UNUSED_FUNCTION = YES;
				GCC_WARN_UNUSED_VARIABLE = YES;
				IPHONEOS_DEPLOYMENT_TARGET = 14.3;
				MTL_ENABLE_DEBUG_INFO = INCLUDE_SOURCE;
				MTL_FAST_MATH = YES;
				ONLY_ACTIVE_ARCH = YES;
				SDKROOT = iphoneos;
			};
			name = Debug;
		};
		63B6D73225B33F3A007BB3A9 /* Release */ = {
			isa = XCBuildConfiguration;
			buildSettings = {
				ALWAYS_SEARCH_USER_PATHS = NO;
				CLANG_ANALYZER_NONNULL = YES;
				CLANG_ANALYZER_NUMBER_OBJECT_CONVERSION = YES_AGGRESSIVE;
				CLANG_CXX_LANGUAGE_STANDARD = "gnu++14";
				CLANG_CXX_LIBRARY = "libc++";
				CLANG_ENABLE_MODULES = YES;
				CLANG_ENABLE_OBJC_ARC = YES;
				CLANG_ENABLE_OBJC_WEAK = YES;
				CLANG_WARN_BLOCK_CAPTURE_AUTORELEASING = YES;
				CLANG_WARN_BOOL_CONVERSION = YES;
				CLANG_WARN_COMMA = YES;
				CLANG_WARN_CONSTANT_CONVERSION = YES;
				CLANG_WARN_DEPRECATED_OBJC_IMPLEMENTATIONS = YES;
				CLANG_WARN_DIRECT_OBJC_ISA_USAGE = YES_ERROR;
				CLANG_WARN_DOCUMENTATION_COMMENTS = YES;
				CLANG_WARN_EMPTY_BODY = YES;
				CLANG_WARN_ENUM_CONVERSION = YES;
				CLANG_WARN_INFINITE_RECURSION = YES;
				CLANG_WARN_INT_CONVERSION = YES;
				CLANG_WARN_NON_LITERAL_NULL_CONVERSION = YES;
				CLANG_WARN_OBJC_IMPLICIT_RETAIN_SELF = YES;
				CLANG_WARN_OBJC_LITERAL_CONVERSION = YES;
				CLANG_WARN_OBJC_ROOT_CLASS = YES_ERROR;
				CLANG_WARN_QUOTED_INCLUDE_IN_FRAMEWORK_HEADER = YES;
				CLANG_WARN_RANGE_LOOP_ANALYSIS = YES;
				CLANG_WARN_STRICT_PROTOTYPES = YES;
				CLANG_WARN_SUSPICIOUS_MOVE = YES;
				CLANG_WARN_UNGUARDED_AVAILABILITY = YES_AGGRESSIVE;
				CLANG_WARN_UNREACHABLE_CODE = YES;
				CLANG_WARN__DUPLICATE_METHOD_MATCH = YES;
				COPY_PHASE_STRIP = NO;
				DEBUG_INFORMATION_FORMAT = "dwarf-with-dsym";
				ENABLE_NS_ASSERTIONS = NO;
				ENABLE_STRICT_OBJC_MSGSEND = YES;
				GCC_C_LANGUAGE_STANDARD = gnu11;
				GCC_NO_COMMON_BLOCKS = YES;
				GCC_WARN_64_TO_32_BIT_CONVERSION = YES;
				GCC_WARN_ABOUT_RETURN_TYPE = YES_ERROR;
				GCC_WARN_UNDECLARED_SELECTOR = YES;
				GCC_WARN_UNINITIALIZED_AUTOS = YES_AGGRESSIVE;
				GCC_WARN_UNUSED_FUNCTION = YES;
				GCC_WARN_UNUSED_VARIABLE = YES;
				IPHONEOS_DEPLOYMENT_TARGET = 14.3;
				MTL_ENABLE_DEBUG_INFO = NO;
				MTL_FAST_MATH = YES;
				SDKROOT = iphoneos;
				VALIDATE_PRODUCT = YES;
			};
			name = Release;
		};
		63B6D73425B33F3A007BB3A9 /* Debug */ = {
			isa = XCBuildConfiguration;
			baseConfigurationReference = 7C78974532A19F723B153321 /* Pods-MVVMInOC.debug.xcconfig */;
			buildSettings = {
				ASSETCATALOG_COMPILER_APPICON_NAME = AppIcon;
				ASSETCATALOG_COMPILER_GLOBAL_ACCENT_COLOR_NAME = AccentColor;
				CODE_SIGN_STYLE = Automatic;
				DEVELOPMENT_TEAM = P5M2XEQ4ZK;
				INFOPLIST_FILE = MVVMInOC/Info.plist;
				IPHONEOS_DEPLOYMENT_TARGET = 13.0;
				LD_RUNPATH_SEARCH_PATHS = (
					"$(inherited)",
					"@executable_path/Frameworks",
				);
				PRODUCT_BUNDLE_IDENTIFIER = huang.instructor.MVVMInOC;
				PRODUCT_NAME = "$(TARGET_NAME)";
				TARGETED_DEVICE_FAMILY = "1,2";
			};
			name = Debug;
		};
		63B6D73525B33F3A007BB3A9 /* Release */ = {
			isa = XCBuildConfiguration;
			baseConfigurationReference = 9EA699313321C36EBE987CA7 /* Pods-MVVMInOC.release.xcconfig */;
			buildSettings = {
				ASSETCATALOG_COMPILER_APPICON_NAME = AppIcon;
				ASSETCATALOG_COMPILER_GLOBAL_ACCENT_COLOR_NAME = AccentColor;
				CODE_SIGN_STYLE = Automatic;
				DEVELOPMENT_TEAM = P5M2XEQ4ZK;
				INFOPLIST_FILE = MVVMInOC/Info.plist;
				IPHONEOS_DEPLOYMENT_TARGET = 13.0;
				LD_RUNPATH_SEARCH_PATHS = (
					"$(inherited)",
					"@executable_path/Frameworks",
				);
				PRODUCT_BUNDLE_IDENTIFIER = huang.instructor.MVVMInOC;
				PRODUCT_NAME = "$(TARGET_NAME)";
				TARGETED_DEVICE_FAMILY = "1,2";
			};
			name = Release;
		};
/* End XCBuildConfiguration section */

/* Begin XCConfigurationList section */
		63B6D71525B33F38007BB3A9 /* Build configuration list for PBXProject "MVVMInOC" */ = {
			isa = XCConfigurationList;
			buildConfigurations = (
				63B6D73125B33F3A007BB3A9 /* Debug */,
				63B6D73225B33F3A007BB3A9 /* Release */,
			);
			defaultConfigurationIsVisible = 0;
			defaultConfigurationName = Release;
		};
		63B6D73325B33F3A007BB3A9 /* Build configuration list for PBXNativeTarget "MVVMInOC" */ = {
			isa = XCConfigurationList;
			buildConfigurations = (
				63B6D73425B33F3A007BB3A9 /* Debug */,
				63B6D73525B33F3A007BB3A9 /* Release */,
			);
			defaultConfigurationIsVisible = 0;
			defaultConfigurationName = Release;
		};
/* End XCConfigurationList section */
	};
	rootObject = 63B6D71225B33F38007BB3A9 /* Project object */;
}
